
Microsoft Visual Studio Solution File, Format Version 12.00
# Visual Studio Version 17
VisualStudioVersion = 17.6.33815.320
MinimumVisualStudioVersion = 10.0.40219.1
Project("{FAE04EC0-301F-11D3-BF4B-00C04F79EFBC}") = "Pseudo-3D", "Pseudo-3D.csproj", "{9E327CF4-77FA-425C-9432-198475612286}"
EndProject
Global
	GlobalSection(SolutionConfigurationPlatforms) = preSolution
		Debug|Any CPU = Debug|Any CPU
		Release|Any CPU = Release|Any CPU
	EndGlobalSection
	GlobalSection(ProjectConfigurationPlatforms) = postSolution
		{9E327CF4-77FA-425C-9432-198475612286}.Debug|Any CPU.ActiveCfg = Debug|Any CPU
		{9E327CF4-77FA-425C-9432-198475612286}.Debug|Any CPU.Build.0 = Debug|Any CPU
		{9E327CF4-77FA-425C-9432-198475612286}.Release|Any CPU.ActiveCfg = Release|Any CPU
		{9E327CF4-77FA-425C-9432-198475612286}.Release|Any CPU.Build.0 = Release|Any CPU
	EndGlobalSection
	GlobalSection(SolutionProperties) = preSolution
		HideSolutionNode = FALSE
	EndGlobalSection
	GlobalSection(ExtensibilityGlobals) = postSolution
		SolutionGuid = {1393ABFD-8055-4D18-A176-66088ED1F8BF}
	EndGlobalSection
EndGlobal
